
Microsoft Visual Studio Solution File, Format Version 12.00
# Visual Studio Version 16
VisualStudioVersion = 16.0.29920.165
MinimumVisualStudioVersion = 10.0.40219.1
Project("{FAE04EC0-301F-11D3-BF4B-00C04F79EFBC}") = "Criptografia", "Criptografia\Criptografia.csproj", "{E5B0E503-CDE0-4F60-A370-26026336B29C}"
EndProject
Global
	GlobalSection(SolutionConfigurationPlatforms) = preSolution
		Debug|Any CPU = Debug|Any CPU
		Release|Any CPU = Release|Any CPU
	EndGlobalSection
	GlobalSection(ProjectConfigurationPlatforms) = postSolution
		{E5B0E503-CDE0-4F60-A370-26026336B29C}.Debug|Any CPU.ActiveCfg = Debug|Any CPU
		{E5B0E503-CDE0-4F60-A370-26026336B29C}.Debug|Any CPU.Build.0 = Debug|Any CPU
		{E5B0E503-CDE0-4F60-A370-26026336B29C}.Release|Any CPU.ActiveCfg = Release|Any CPU
		{E5B0E503-CDE0-4F60-A370-26026336B29C}.Release|Any CPU.Build.0 = Release|Any CPU
	EndGlobalSection
	GlobalSection(SolutionProperties) = preSolution
		HideSolutionNode = FALSE
	EndGlobalSection
	GlobalSection(ExtensibilityGlobals) = postSolution
		SolutionGuid = {F6891578-50B3-4ED6-8819-A197D0CEEA70}
	EndGlobalSection
EndGlobal
